
Microsoft Visual Studio Solution File, Format Version 12.00
# Visual Studio Version 17
VisualStudioVersion = 17.9.34723.18
MinimumVisualStudioVersion = 10.0.40219.1
Project("{FAE04EC0-301F-11D3-BF4B-00C04F79EFBC}") = "MovieBookingSystem", "MovieBookingSystem\MovieBookingSystem.csproj", "{A55C6676-FCC7-48BE-9AAA-0F71236755BC}"
EndProject
Project("{FAE04EC0-301F-11D3-BF4B-00C04F79EFBC}") = "MovieBookingModelLibery", "MovieBookingModelLibery\MovieBookingModelLibery.csproj", "{5D4E347D-6E9E-4F35-9016-03831A31D625}"
EndProject
Project("{FAE04EC0-301F-11D3-BF4B-00C04F79EFBC}") = "MovieBookingDALLibery", "MovieBookingDALLibery\MovieBookingDALLibery.csproj", "{F3F2BA5D-F9F0-4621-92A5-6E29170D0CA1}"
EndProject
Project("{FAE04EC0-301F-11D3-BF4B-00C04F79EFBC}") = "MovieBookingBLLibery", "MovieBookingBLLibery\MovieBookingBLLibery.csproj", "{5708B0E4-B633-4008-8431-D7AD44F43628}"
EndProject
Project("{FAE04EC0-301F-11D3-BF4B-00C04F79EFBC}") = "MovieBookingPLLibery", "MovieBookingPLLibery\MovieBookingPLLibery.csproj", "{E91475FE-9382-4F8F-B723-0AE962172C7E}"
EndProject
Global
	GlobalSection(SolutionConfigurationPlatforms) = preSolution
		Debug|Any CPU = Debug|Any CPU
		Release|Any CPU = Release|Any CPU
	EndGlobalSection
	GlobalSection(ProjectConfigurationPlatforms) = postSolution
		{A55C6676-FCC7-48BE-9AAA-0F71236755BC}.Debug|Any CPU.ActiveCfg = Debug|Any CPU
		{A55C6676-FCC7-48BE-9AAA-0F71236755BC}.Debug|Any CPU.Build.0 = Debug|Any CPU
		{A55C6676-FCC7-48BE-9AAA-0F71236755BC}.Release|Any CPU.ActiveCfg = Release|Any CPU
		{A55C6676-FCC7-48BE-9AAA-0F71236755BC}.Release|Any CPU.Build.0 = Release|Any CPU
		{5D4E347D-6E9E-4F35-9016-03831A31D625}.Debug|Any CPU.ActiveCfg = Debug|Any CPU
		{5D4E347D-6E9E-4F35-9016-03831A31D625}.Debug|Any CPU.Build.0 = Debug|Any CPU
		{5D4E347D-6E9E-4F35-9016-03831A31D625}.Release|Any CPU.ActiveCfg = Release|Any CPU
		{5D4E347D-6E9E-4F35-9016-03831A31D625}.Release|Any CPU.Build.0 = Release|Any CPU
		{F3F2BA5D-F9F0-4621-92A5-6E29170D0CA1}.Debug|Any CPU.ActiveCfg = Debug|Any CPU
		{F3F2BA5D-F9F0-4621-92A5-6E29170D0CA1}.Debug|Any CPU.Build.0 = Debug|Any CPU
		{F3F2BA5D-F9F0-4621-92A5-6E29170D0CA1}.Release|Any CPU.ActiveCfg = Release|Any CPU
		{F3F2BA5D-F9F0-4621-92A5-6E29170D0CA1}.Release|Any CPU.Build.0 = Release|Any CPU
		{5708B0E4-B633-4008-8431-D7AD44F43628}.Debug|Any CPU.ActiveCfg = Debug|Any CPU
		{5708B0E4-B633-4008-8431-D7AD44F43628}.Debug|Any CPU.Build.0 = Debug|Any CPU
		{5708B0E4-B633-4008-8431-D7AD44F43628}.Release|Any CPU.ActiveCfg = Release|Any CPU
		{5708B0E4-B633-4008-8431-D7AD44F43628}.Release|Any CPU.Build.0 = Release|Any CPU
		{E91475FE-9382-4F8F-B723-0AE962172C7E}.Debug|Any CPU.ActiveCfg = Debug|Any CPU
		{E91475FE-9382-4F8F-B723-0AE962172C7E}.Debug|Any CPU.Build.0 = Debug|Any CPU
		{E91475FE-9382-4F8F-B723-0AE962172C7E}.Release|Any CPU.ActiveCfg = Release|Any CPU
		{E91475FE-9382-4F8F-B723-0AE962172C7E}.Release|Any CPU.Build.0 = Release|Any CPU
	EndGlobalSection
	GlobalSection(SolutionProperties) = preSolution
		HideSolutionNode = FALSE
	EndGlobalSection
	GlobalSection(ExtensibilityGlobals) = postSolution
		SolutionGuid = {6E8A3B00-5F72-44D5-A434-26DF94753ED7}
	EndGlobalSection
EndGlobal
