
Microsoft Visual Studio Solution File, Format Version 12.00
# Visual Studio Version 17
VisualStudioVersion = 17.9.34723.18
MinimumVisualStudioVersion = 10.0.40219.1
Project("{9A19103F-16F7-4668-BE54-9A1E7A4F7556}") = "EmployeeRequestTrackerAPI", "EmployeeRequestTrackerAPI\EmployeeRequestTrackerAPI.csproj", "{4147F800-F589-4282-92DD-DDD5AFB62529}"
EndProject
Project("{FAE04EC0-301F-11D3-BF4B-00C04F79EFBC}") = "RequestTrackerTest", "RequestTrackerTest\RequestTrackerTest.csproj", "{4B214A04-92A6-4DAD-AF07-BE4526B237BE}"
EndProject
Global
	GlobalSection(SolutionConfigurationPlatforms) = preSolution
		Debug|Any CPU = Debug|Any CPU
		Release|Any CPU = Release|Any CPU
	EndGlobalSection
	GlobalSection(ProjectConfigurationPlatforms) = postSolution
		{4147F800-F589-4282-92DD-DDD5AFB62529}.Debug|Any CPU.ActiveCfg = Debug|Any CPU
		{4147F800-F589-4282-92DD-DDD5AFB62529}.Debug|Any CPU.Build.0 = Debug|Any CPU
		{4147F800-F589-4282-92DD-DDD5AFB62529}.Release|Any CPU.ActiveCfg = Release|Any CPU
		{4147F800-F589-4282-92DD-DDD5AFB62529}.Release|Any CPU.Build.0 = Release|Any CPU
		{4B214A04-92A6-4DAD-AF07-BE4526B237BE}.Debug|Any CPU.ActiveCfg = Debug|Any CPU
		{4B214A04-92A6-4DAD-AF07-BE4526B237BE}.Debug|Any CPU.Build.0 = Debug|Any CPU
		{4B214A04-92A6-4DAD-AF07-BE4526B237BE}.Release|Any CPU.ActiveCfg = Release|Any CPU
		{4B214A04-92A6-4DAD-AF07-BE4526B237BE}.Release|Any CPU.Build.0 = Release|Any CPU
	EndGlobalSection
	GlobalSection(SolutionProperties) = preSolution
		HideSolutionNode = FALSE
	EndGlobalSection
	GlobalSection(ExtensibilityGlobals) = postSolution
		SolutionGuid = {9B259A72-7D35-4F6E-96A8-ADF0F923E847}
	EndGlobalSection
EndGlobal
