
Microsoft Visual Studio Solution File, Format Version 12.00
# Visual Studio Version 17
VisualStudioVersion = 17.9.34723.18
MinimumVisualStudioVersion = 10.0.40219.1
Project("{FAE04EC0-301F-11D3-BF4B-00C04F79EFBC}") = "CheckDockerApp", "CheckDockerApp\CheckDockerApp.csproj", "{3E459A3B-5A79-4A88-88D3-940169BF0E09}"
EndProject
Global
	GlobalSection(SolutionConfigurationPlatforms) = preSolution
		Debug|Any CPU = Debug|Any CPU
		Release|Any CPU = Release|Any CPU
	EndGlobalSection
	GlobalSection(ProjectConfigurationPlatforms) = postSolution
		{3E459A3B-5A79-4A88-88D3-940169BF0E09}.Debug|Any CPU.ActiveCfg = Debug|Any CPU
		{3E459A3B-5A79-4A88-88D3-940169BF0E09}.Debug|Any CPU.Build.0 = Debug|Any CPU
		{3E459A3B-5A79-4A88-88D3-940169BF0E09}.Release|Any CPU.ActiveCfg = Release|Any CPU
		{3E459A3B-5A79-4A88-88D3-940169BF0E09}.Release|Any CPU.Build.0 = Release|Any CPU
	EndGlobalSection
	GlobalSection(SolutionProperties) = preSolution
		HideSolutionNode = FALSE
	EndGlobalSection
	GlobalSection(ExtensibilityGlobals) = postSolution
		SolutionGuid = {86FD9CC4-3F38-4CA4-99A4-2F35ADA5FA60}
	EndGlobalSection
EndGlobal
