
Microsoft Visual Studio Solution File, Format Version 12.00
# Visual Studio Version 17
VisualStudioVersion = 17.9.34723.18
MinimumVisualStudioVersion = 10.0.40219.1
Project("{FAE04EC0-301F-11D3-BF4B-00C04F79EFBC}") = "ProductAPI", "ProductAPI\ProductAPI.csproj", "{888AB03A-4049-4400-AF7C-0858CB246447}"
EndProject
Global
	GlobalSection(SolutionConfigurationPlatforms) = preSolution
		Debug|Any CPU = Debug|Any CPU
		Release|Any CPU = Release|Any CPU
	EndGlobalSection
	GlobalSection(ProjectConfigurationPlatforms) = postSolution
		{888AB03A-4049-4400-AF7C-0858CB246447}.Debug|Any CPU.ActiveCfg = Debug|Any CPU
		{888AB03A-4049-4400-AF7C-0858CB246447}.Debug|Any CPU.Build.0 = Debug|Any CPU
		{888AB03A-4049-4400-AF7C-0858CB246447}.Release|Any CPU.ActiveCfg = Release|Any CPU
		{888AB03A-4049-4400-AF7C-0858CB246447}.Release|Any CPU.Build.0 = Release|Any CPU
	EndGlobalSection
	GlobalSection(SolutionProperties) = preSolution
		HideSolutionNode = FALSE
	EndGlobalSection
	GlobalSection(ExtensibilityGlobals) = postSolution
		SolutionGuid = {5D9D0568-3389-4D3F-AC68-5B964F50BDFA}
	EndGlobalSection
EndGlobal
