
Microsoft Visual Studio Solution File, Format Version 12.00
# Visual Studio Version 17
VisualStudioVersion = 17.9.34723.18
MinimumVisualStudioVersion = 10.0.40219.1
Project("{FAE04EC0-301F-11D3-BF4B-00C04F79EFBC}") = "HRManagementSystem", "HRManagementSystem\HRManagementSystem.csproj", "{F9F05D19-9702-4CF6-A573-6D8D352E74B6}"
EndProject
Project("{FAE04EC0-301F-11D3-BF4B-00C04F79EFBC}") = "HRManagementSystemModelLibery", "HRManagementSystemModelLibery\HRManagementSystemModelLibery.csproj", "{39AE7A47-82B2-4E96-90C2-0C9A260341B6}"
EndProject
Global
	GlobalSection(SolutionConfigurationPlatforms) = preSolution
		Debug|Any CPU = Debug|Any CPU
		Release|Any CPU = Release|Any CPU
	EndGlobalSection
	GlobalSection(ProjectConfigurationPlatforms) = postSolution
		{F9F05D19-9702-4CF6-A573-6D8D352E74B6}.Debug|Any CPU.ActiveCfg = Debug|Any CPU
		{F9F05D19-9702-4CF6-A573-6D8D352E74B6}.Debug|Any CPU.Build.0 = Debug|Any CPU
		{F9F05D19-9702-4CF6-A573-6D8D352E74B6}.Release|Any CPU.ActiveCfg = Release|Any CPU
		{F9F05D19-9702-4CF6-A573-6D8D352E74B6}.Release|Any CPU.Build.0 = Release|Any CPU
		{39AE7A47-82B2-4E96-90C2-0C9A260341B6}.Debug|Any CPU.ActiveCfg = Debug|Any CPU
		{39AE7A47-82B2-4E96-90C2-0C9A260341B6}.Debug|Any CPU.Build.0 = Debug|Any CPU
		{39AE7A47-82B2-4E96-90C2-0C9A260341B6}.Release|Any CPU.ActiveCfg = Release|Any CPU
		{39AE7A47-82B2-4E96-90C2-0C9A260341B6}.Release|Any CPU.Build.0 = Release|Any CPU
	EndGlobalSection
	GlobalSection(SolutionProperties) = preSolution
		HideSolutionNode = FALSE
	EndGlobalSection
	GlobalSection(ExtensibilityGlobals) = postSolution
		SolutionGuid = {5842978F-2BE4-402B-9396-EBF1DE7C144D}
	EndGlobalSection
EndGlobal
