
Microsoft Visual Studio Solution File, Format Version 12.00
# Visual Studio Version 17
VisualStudioVersion = 17.9.34723.18
MinimumVisualStudioVersion = 10.0.40219.1
Project("{FAE04EC0-301F-11D3-BF4B-00C04F79EFBC}") = "LeetcodeAsyncAwait", "LeetcodeAsyncAwait\LeetcodeAsyncAwait.csproj", "{0877E73D-AA03-4A37-906E-481F822CFBF6}"
EndProject
Global
	GlobalSection(SolutionConfigurationPlatforms) = preSolution
		Debug|Any CPU = Debug|Any CPU
		Release|Any CPU = Release|Any CPU
	EndGlobalSection
	GlobalSection(ProjectConfigurationPlatforms) = postSolution
		{0877E73D-AA03-4A37-906E-481F822CFBF6}.Debug|Any CPU.ActiveCfg = Debug|Any CPU
		{0877E73D-AA03-4A37-906E-481F822CFBF6}.Debug|Any CPU.Build.0 = Debug|Any CPU
		{0877E73D-AA03-4A37-906E-481F822CFBF6}.Release|Any CPU.ActiveCfg = Release|Any CPU
		{0877E73D-AA03-4A37-906E-481F822CFBF6}.Release|Any CPU.Build.0 = Release|Any CPU
	EndGlobalSection
	GlobalSection(SolutionProperties) = preSolution
		HideSolutionNode = FALSE
	EndGlobalSection
	GlobalSection(ExtensibilityGlobals) = postSolution
		SolutionGuid = {BC75ED21-8A77-480F-9E2E-D19828CF0013}
	EndGlobalSection
EndGlobal
